
Microsoft Visual Studio Solution File, Format Version 12.00
# Visual Studio Version 17
VisualStudioVersion = 17.8.34525.116
MinimumVisualStudioVersion = 10.0.40219.1
Project("{2150E333-8FDC-42A3-9474-1A3956D46DE8}") = "src", "src", "{BC72CF69-34EB-4A47-A94D-78B06D54108E}"
EndProject
Project("{9A19103F-16F7-4668-BE54-9A1E7A4F7556}") = "Domain", "src\Domain\Domain.csproj", "{54907258-89E2-4F80-A6B2-EEDD21CCCAB3}"
EndProject
Project("{9A19103F-16F7-4668-BE54-9A1E7A4F7556}") = "Persistence", "src\Persistence\Persistence.csproj", "{80234DD3-FDD4-47A4-8892-0342D06B0D3D}"
EndProject
Project("{9A19103F-16F7-4668-BE54-9A1E7A4F7556}") = "Application", "src\Application\Application.csproj", "{3FB1F396-45A9-44CC-9BA3-DAA56954FB6E}"
EndProject
Project("{9A19103F-16F7-4668-BE54-9A1E7A4F7556}") = "WebApi", "src\WebApi\WebApi.csproj", "{3C4C587D-4B1D-42E7-BA41-5C12746BA9D8}"
EndProject
Project("{E53339B2-1760-4266-BCC7-CA923CBCF16C}") = "docker-compose", "docker-compose.dcproj", "{03DF341C-6178-4544-A065-08389B176BF4}"
EndProject
Global
	GlobalSection(SolutionConfigurationPlatforms) = preSolution
		Debug|Any CPU = Debug|Any CPU
		Release|Any CPU = Release|Any CPU
	EndGlobalSection
	GlobalSection(ProjectConfigurationPlatforms) = postSolution
		{54907258-89E2-4F80-A6B2-EEDD21CCCAB3}.Debug|Any CPU.ActiveCfg = Debug|Any CPU
		{54907258-89E2-4F80-A6B2-EEDD21CCCAB3}.Debug|Any CPU.Build.0 = Debug|Any CPU
		{54907258-89E2-4F80-A6B2-EEDD21CCCAB3}.Release|Any CPU.ActiveCfg = Release|Any CPU
		{54907258-89E2-4F80-A6B2-EEDD21CCCAB3}.Release|Any CPU.Build.0 = Release|Any CPU
		{80234DD3-FDD4-47A4-8892-0342D06B0D3D}.Debug|Any CPU.ActiveCfg = Debug|Any CPU
		{80234DD3-FDD4-47A4-8892-0342D06B0D3D}.Debug|Any CPU.Build.0 = Debug|Any CPU
		{80234DD3-FDD4-47A4-8892-0342D06B0D3D}.Release|Any CPU.ActiveCfg = Release|Any CPU
		{80234DD3-FDD4-47A4-8892-0342D06B0D3D}.Release|Any CPU.Build.0 = Release|Any CPU
		{3FB1F396-45A9-44CC-9BA3-DAA56954FB6E}.Debug|Any CPU.ActiveCfg = Debug|Any CPU
		{3FB1F396-45A9-44CC-9BA3-DAA56954FB6E}.Debug|Any CPU.Build.0 = Debug|Any CPU
		{3FB1F396-45A9-44CC-9BA3-DAA56954FB6E}.Release|Any CPU.ActiveCfg = Release|Any CPU
		{3FB1F396-45A9-44CC-9BA3-DAA56954FB6E}.Release|Any CPU.Build.0 = Release|Any CPU
		{3C4C587D-4B1D-42E7-BA41-5C12746BA9D8}.Debug|Any CPU.ActiveCfg = Debug|Any CPU
		{3C4C587D-4B1D-42E7-BA41-5C12746BA9D8}.Debug|Any CPU.Build.0 = Debug|Any CPU
		{3C4C587D-4B1D-42E7-BA41-5C12746BA9D8}.Release|Any CPU.ActiveCfg = Release|Any CPU
		{3C4C587D-4B1D-42E7-BA41-5C12746BA9D8}.Release|Any CPU.Build.0 = Release|Any CPU
		{03DF341C-6178-4544-A065-08389B176BF4}.Debug|Any CPU.ActiveCfg = Debug|Any CPU
		{03DF341C-6178-4544-A065-08389B176BF4}.Debug|Any CPU.Build.0 = Debug|Any CPU
		{03DF341C-6178-4544-A065-08389B176BF4}.Release|Any CPU.ActiveCfg = Release|Any CPU
		{03DF341C-6178-4544-A065-08389B176BF4}.Release|Any CPU.Build.0 = Release|Any CPU
	EndGlobalSection
	GlobalSection(SolutionProperties) = preSolution
		HideSolutionNode = FALSE
	EndGlobalSection
	GlobalSection(NestedProjects) = preSolution
		{54907258-89E2-4F80-A6B2-EEDD21CCCAB3} = {BC72CF69-34EB-4A47-A94D-78B06D54108E}
		{80234DD3-FDD4-47A4-8892-0342D06B0D3D} = {BC72CF69-34EB-4A47-A94D-78B06D54108E}
		{3FB1F396-45A9-44CC-9BA3-DAA56954FB6E} = {BC72CF69-34EB-4A47-A94D-78B06D54108E}
		{3C4C587D-4B1D-42E7-BA41-5C12746BA9D8} = {BC72CF69-34EB-4A47-A94D-78B06D54108E}
	EndGlobalSection
	GlobalSection(ExtensibilityGlobals) = postSolution
		SolutionGuid = {362EB1BA-7B79-4B97-9544-EFE39DC178C8}
	EndGlobalSection
EndGlobal
